// !$*UTF8*$!
{
	archiveVersion = 1;
	classes = {
	};
	objectVersion = 56;
	objects = {

/* Begin PBXBuildFile section */
		0C2E6FF62ACB478900A63E6E /* RMCharacterDetailViewController.swift in Sources */ = {isa = PBXBuildFile; fileRef = 0C2E6FF52ACB478900A63E6E /* RMCharacterDetailViewController.swift */; };
		0C2E6FF82ACB4A4100A63E6E /* RMCharacterDetailView.swift in Sources */ = {isa = PBXBuildFile; fileRef = 0C2E6FF72ACB4A4100A63E6E /* RMCharacterDetailView.swift */; };
		0C2E6FFA2ACB4A5B00A63E6E /* RMCharacterDetailViewViewModel.swift in Sources */ = {isa = PBXBuildFile; fileRef = 0C2E6FF92ACB4A5B00A63E6E /* RMCharacterDetailViewViewModel.swift */; };
		0C2F5C452AC5ED7200188285 /* RMGetAllCharactersResponse.swift in Sources */ = {isa = PBXBuildFile; fileRef = 0C2F5C442AC5ED7200188285 /* RMGetAllCharactersResponse.swift */; };
		0C2F5C472AC5EFFB00188285 /* ExplainingTypes in Resources */ = {isa = PBXBuildFile; fileRef = 0C2F5C462AC5EFFB00188285 /* ExplainingTypes */; };
		0C2F5C492AC5F56C00188285 /* RMCharacterListViewViewModel.swift in Sources */ = {isa = PBXBuildFile; fileRef = 0C2F5C482AC5F56C00188285 /* RMCharacterListViewViewModel.swift */; };
		0C2F5C4D2AC5F94C00188285 /* RMCharacterListView.swift in Sources */ = {isa = PBXBuildFile; fileRef = 0C2F5C4C2AC5F94C00188285 /* RMCharacterListView.swift */; };
		0C2F5C4F2AC60A0F00188285 /* Extensions.swift in Sources */ = {isa = PBXBuildFile; fileRef = 0C2F5C4E2AC60A0F00188285 /* Extensions.swift */; };
		0C2F5C512AC6250D00188285 /* RMCharacterCollectionViewCell.swift in Sources */ = {isa = PBXBuildFile; fileRef = 0C2F5C502AC6250D00188285 /* RMCharacterCollectionViewCell.swift */; };
		0C2F5C532AC6299100188285 /* RMCharacterCollectionViewCellViewModel.swift in Sources */ = {isa = PBXBuildFile; fileRef = 0C2F5C522AC6299100188285 /* RMCharacterCollectionViewCellViewModel.swift */; };
		0CE3A6172AC476CC002C0D3C /* AppDelegate.swift in Sources */ = {isa = PBXBuildFile; fileRef = 0CE3A6162AC476CC002C0D3C /* AppDelegate.swift */; };
		0CE3A6192AC476CC002C0D3C /* SceneDelegate.swift in Sources */ = {isa = PBXBuildFile; fileRef = 0CE3A6182AC476CC002C0D3C /* SceneDelegate.swift */; };
		0CE3A61B2AC476CC002C0D3C /* RMTabBarController.swift in Sources */ = {isa = PBXBuildFile; fileRef = 0CE3A61A2AC476CC002C0D3C /* RMTabBarController.swift */; };
		0CE3A6202AC476CE002C0D3C /* Assets.xcassets in Resources */ = {isa = PBXBuildFile; fileRef = 0CE3A61F2AC476CE002C0D3C /* Assets.xcassets */; };
		0CE3A6232AC476CE002C0D3C /* LaunchScreen.storyboard in Resources */ = {isa = PBXBuildFile; fileRef = 0CE3A6212AC476CE002C0D3C /* LaunchScreen.storyboard */; };
		0CE3A6322AC48401002C0D3C /* RMEpisode.swift in Sources */ = {isa = PBXBuildFile; fileRef = 0CE3A6312AC48401002C0D3C /* RMEpisode.swift */; };
		0CE3A6342AC4840B002C0D3C /* RMLocation.swift in Sources */ = {isa = PBXBuildFile; fileRef = 0CE3A6332AC4840B002C0D3C /* RMLocation.swift */; };
		0CE3A6362AC48418002C0D3C /* RMCharacter.swift in Sources */ = {isa = PBXBuildFile; fileRef = 0CE3A6352AC48418002C0D3C /* RMCharacter.swift */; };
		0CE3A6392AC484CF002C0D3C /* CoreExplained in Resources */ = {isa = PBXBuildFile; fileRef = 0CE3A6382AC484CF002C0D3C /* CoreExplained */; };
		0CE3A63B2AC48586002C0D3C /* RMCharacterViewController.swift in Sources */ = {isa = PBXBuildFile; fileRef = 0CE3A63A2AC48586002C0D3C /* RMCharacterViewController.swift */; };
		0CE3A63D2AC485AC002C0D3C /* RMLocationViewController.swift in Sources */ = {isa = PBXBuildFile; fileRef = 0CE3A63C2AC485AC002C0D3C /* RMLocationViewController.swift */; };
		0CE3A63F2AC485BD002C0D3C /* RMEpisodeViewController.swift in Sources */ = {isa = PBXBuildFile; fileRef = 0CE3A63E2AC485BD002C0D3C /* RMEpisodeViewController.swift */; };
		0CE3A6412AC485CC002C0D3C /* RMSettingsViewController.swift in Sources */ = {isa = PBXBuildFile; fileRef = 0CE3A6402AC485CC002C0D3C /* RMSettingsViewController.swift */; };
		0CE3A6432AC4BA62002C0D3C /* RMService.swift in Sources */ = {isa = PBXBuildFile; fileRef = 0CE3A6422AC4BA61002C0D3C /* RMService.swift */; };
		0CE3A6452AC4BB20002C0D3C /* RMRequest.swift in Sources */ = {isa = PBXBuildFile; fileRef = 0CE3A6442AC4BB20002C0D3C /* RMRequest.swift */; };
		0CE3A6472AC4BE10002C0D3C /* RMEndpoint.swift in Sources */ = {isa = PBXBuildFile; fileRef = 0CE3A6462AC4BE10002C0D3C /* RMEndpoint.swift */; };
		0CE3A6492AC4C6B0002C0D3C /* RMOrigin.swift in Sources */ = {isa = PBXBuildFile; fileRef = 0CE3A6482AC4C6B0002C0D3C /* RMOrigin.swift */; };
		0CE3A64B2AC4C78C002C0D3C /* RMSingleLocation.swift in Sources */ = {isa = PBXBuildFile; fileRef = 0CE3A64A2AC4C78C002C0D3C /* RMSingleLocation.swift */; };
		0CE3A64D2AC4C872002C0D3C /* RMCharacterStatus.swift in Sources */ = {isa = PBXBuildFile; fileRef = 0CE3A64C2AC4C872002C0D3C /* RMCharacterStatus.swift */; };
		0CE3A64F2AC4C897002C0D3C /* RMCharacterGender.swift in Sources */ = {isa = PBXBuildFile; fileRef = 0CE3A64E2AC4C897002C0D3C /* RMCharacterGender.swift */; };
/* End PBXBuildFile section */

/* Begin PBXFileReference section */
		0C2E6FF52ACB478900A63E6E /* RMCharacterDetailViewController.swift */ = {isa = PBXFileReference; lastKnownFileType = sourcecode.swift; path = RMCharacterDetailViewController.swift; sourceTree = "<group>"; };
		0C2E6FF72ACB4A4100A63E6E /* RMCharacterDetailView.swift */ = {isa = PBXFileReference; lastKnownFileType = sourcecode.swift; path = RMCharacterDetailView.swift; sourceTree = "<group>"; };
		0C2E6FF92ACB4A5B00A63E6E /* RMCharacterDetailViewViewModel.swift */ = {isa = PBXFileReference; lastKnownFileType = sourcecode.swift; path = RMCharacterDetailViewViewModel.swift; sourceTree = "<group>"; };
		0C2F5C442AC5ED7200188285 /* RMGetAllCharactersResponse.swift */ = {isa = PBXFileReference; lastKnownFileType = sourcecode.swift; path = RMGetAllCharactersResponse.swift; sourceTree = "<group>"; };
		0C2F5C462AC5EFFB00188285 /* ExplainingTypes */ = {isa = PBXFileReference; lastKnownFileType = text; path = ExplainingTypes; sourceTree = "<group>"; };
		0C2F5C482AC5F56C00188285 /* RMCharacterListViewViewModel.swift */ = {isa = PBXFileReference; lastKnownFileType = sourcecode.swift; path = RMCharacterListViewViewModel.swift; sourceTree = "<group>"; };
		0C2F5C4C2AC5F94C00188285 /* RMCharacterListView.swift */ = {isa = PBXFileReference; lastKnownFileType = sourcecode.swift; path = RMCharacterListView.swift; sourceTree = "<group>"; };
		0C2F5C4E2AC60A0F00188285 /* Extensions.swift */ = {isa = PBXFileReference; lastKnownFileType = sourcecode.swift; path = Extensions.swift; sourceTree = "<group>"; };
		0C2F5C502AC6250D00188285 /* RMCharacterCollectionViewCell.swift */ = {isa = PBXFileReference; lastKnownFileType = sourcecode.swift; path = RMCharacterCollectionViewCell.swift; sourceTree = "<group>"; };
		0C2F5C522AC6299100188285 /* RMCharacterCollectionViewCellViewModel.swift */ = {isa = PBXFileReference; lastKnownFileType = sourcecode.swift; path = RMCharacterCollectionViewCellViewModel.swift; sourceTree = "<group>"; };
		0CE3A6132AC476CC002C0D3C /* RickAndMorty.app */ = {isa = PBXFileReference; explicitFileType = wrapper.application; includeInIndex = 0; path = RickAndMorty.app; sourceTree = BUILT_PRODUCTS_DIR; };
		0CE3A6162AC476CC002C0D3C /* AppDelegate.swift */ = {isa = PBXFileReference; lastKnownFileType = sourcecode.swift; path = AppDelegate.swift; sourceTree = "<group>"; };
		0CE3A6182AC476CC002C0D3C /* SceneDelegate.swift */ = {isa = PBXFileReference; lastKnownFileType = sourcecode.swift; path = SceneDelegate.swift; sourceTree = "<group>"; };
		0CE3A61A2AC476CC002C0D3C /* RMTabBarController.swift */ = {isa = PBXFileReference; lastKnownFileType = sourcecode.swift; path = RMTabBarController.swift; sourceTree = "<group>"; };
		0CE3A61F2AC476CE002C0D3C /* Assets.xcassets */ = {isa = PBXFileReference; lastKnownFileType = folder.assetcatalog; path = Assets.xcassets; sourceTree = "<group>"; };
		0CE3A6222AC476CE002C0D3C /* Base */ = {isa = PBXFileReference; lastKnownFileType = file.storyboard; name = Base; path = Base.lproj/LaunchScreen.storyboard; sourceTree = "<group>"; };
		0CE3A6242AC476CE002C0D3C /* Info.plist */ = {isa = PBXFileReference; lastKnownFileType = text.plist.xml; path = Info.plist; sourceTree = "<group>"; };
		0CE3A6312AC48401002C0D3C /* RMEpisode.swift */ = {isa = PBXFileReference; lastKnownFileType = sourcecode.swift; path = RMEpisode.swift; sourceTree = "<group>"; };
		0CE3A6332AC4840B002C0D3C /* RMLocation.swift */ = {isa = PBXFileReference; lastKnownFileType = sourcecode.swift; path = RMLocation.swift; sourceTree = "<group>"; };
		0CE3A6352AC48418002C0D3C /* RMCharacter.swift */ = {isa = PBXFileReference; lastKnownFileType = sourcecode.swift; path = RMCharacter.swift; sourceTree = "<group>"; };
		0CE3A6382AC484CF002C0D3C /* CoreExplained */ = {isa = PBXFileReference; lastKnownFileType = text; path = CoreExplained; sourceTree = "<group>"; };
		0CE3A63A2AC48586002C0D3C /* RMCharacterViewController.swift */ = {isa = PBXFileReference; lastKnownFileType = sourcecode.swift; path = RMCharacterViewController.swift; sourceTree = "<group>"; };
		0CE3A63C2AC485AC002C0D3C /* RMLocationViewController.swift */ = {isa = PBXFileReference; lastKnownFileType = sourcecode.swift; path = RMLocationViewController.swift; sourceTree = "<group>"; };
		0CE3A63E2AC485BD002C0D3C /* RMEpisodeViewController.swift */ = {isa = PBXFileReference; lastKnownFileType = sourcecode.swift; path = RMEpisodeViewController.swift; sourceTree = "<group>"; };
		0CE3A6402AC485CC002C0D3C /* RMSettingsViewController.swift */ = {isa = PBXFileReference; lastKnownFileType = sourcecode.swift; path = RMSettingsViewController.swift; sourceTree = "<group>"; };
		0CE3A6422AC4BA61002C0D3C /* RMService.swift */ = {isa = PBXFileReference; lastKnownFileType = sourcecode.swift; path = RMService.swift; sourceTree = "<group>"; };
		0CE3A6442AC4BB20002C0D3C /* RMRequest.swift */ = {isa = PBXFileReference; lastKnownFileType = sourcecode.swift; path = RMRequest.swift; sourceTree = "<group>"; };
		0CE3A6462AC4BE10002C0D3C /* RMEndpoint.swift */ = {isa = PBXFileReference; lastKnownFileType = sourcecode.swift; path = RMEndpoint.swift; sourceTree = "<group>"; };
		0CE3A6482AC4C6B0002C0D3C /* RMOrigin.swift */ = {isa = PBXFileReference; lastKnownFileType = sourcecode.swift; path = RMOrigin.swift; sourceTree = "<group>"; };
		0CE3A64A2AC4C78C002C0D3C /* RMSingleLocation.swift */ = {isa = PBXFileReference; lastKnownFileType = sourcecode.swift; path = RMSingleLocation.swift; sourceTree = "<group>"; };
		0CE3A64C2AC4C872002C0D3C /* RMCharacterStatus.swift */ = {isa = PBXFileReference; lastKnownFileType = sourcecode.swift; path = RMCharacterStatus.swift; sourceTree = "<group>"; };
		0CE3A64E2AC4C897002C0D3C /* RMCharacterGender.swift */ = {isa = PBXFileReference; lastKnownFileType = sourcecode.swift; path = RMCharacterGender.swift; sourceTree = "<group>"; };
/* End PBXFileReference section */

/* Begin PBXFrameworksBuildPhase section */
		0CE3A6102AC476CC002C0D3C /* Frameworks */ = {
			isa = PBXFrameworksBuildPhase;
			buildActionMask = 2147483647;
			files = (
			);
			runOnlyForDeploymentPostprocessing = 0;
		};
/* End PBXFrameworksBuildPhase section */

/* Begin PBXGroup section */
		0C2E6FF42ACB473200A63E6E /* Other */ = {
			isa = PBXGroup;
			children = (
				0C2E6FF52ACB478900A63E6E /* RMCharacterDetailViewController.swift */,
			);
			path = Other;
			sourceTree = "<group>";
		};
		0C2F5C402AC5ECD300188285 /* DataTypes */ = {
			isa = PBXGroup;
			children = (
				0CE3A6352AC48418002C0D3C /* RMCharacter.swift */,
				0CE3A6332AC4840B002C0D3C /* RMLocation.swift */,
				0CE3A6312AC48401002C0D3C /* RMEpisode.swift */,
				0CE3A6482AC4C6B0002C0D3C /* RMOrigin.swift */,
				0CE3A64A2AC4C78C002C0D3C /* RMSingleLocation.swift */,
				0CE3A64C2AC4C872002C0D3C /* RMCharacterStatus.swift */,
				0CE3A64E2AC4C897002C0D3C /* RMCharacterGender.swift */,
			);
			path = DataTypes;
			sourceTree = "<group>";
		};
		0C2F5C412AC5ED0800188285 /* APIResponseTypes */ = {
			isa = PBXGroup;
			children = (
				0C2F5C442AC5ED7200188285 /* RMGetAllCharactersResponse.swift */,
			);
			path = APIResponseTypes;
			sourceTree = "<group>";
		};
		0CE3A60A2AC476CC002C0D3C = {
			isa = PBXGroup;
			children = (
				0CE3A6152AC476CC002C0D3C /* RickAndMorty */,
				0CE3A6142AC476CC002C0D3C /* Products */,
			);
			sourceTree = "<group>";
		};
		0CE3A6142AC476CC002C0D3C /* Products */ = {
			isa = PBXGroup;
			children = (
				0CE3A6132AC476CC002C0D3C /* RickAndMorty.app */,
			);
			name = Products;
			sourceTree = "<group>";
		};
		0CE3A6152AC476CC002C0D3C /* RickAndMorty */ = {
			isa = PBXGroup;
			children = (
				0CE3A6302AC48368002C0D3C /* Resources */,
				0CE3A62F2AC4835F002C0D3C /* APIClient */,
				0CE3A62E2AC482CA002C0D3C /* Managers */,
				0CE3A62D2AC482C2002C0D3C /* Models */,
				0CE3A62C2AC482BA002C0D3C /* Views */,
				0CE3A62B2AC482B3002C0D3C /* ViewModels */,
				0CE3A62A2AC482AB002C0D3C /* Controllers */,
				0CE3A6242AC476CE002C0D3C /* Info.plist */,
			);
			path = RickAndMorty;
			sourceTree = "<group>";
		};
		0CE3A62A2AC482AB002C0D3C /* Controllers */ = {
			isa = PBXGroup;
			children = (
				0C2E6FF42ACB473200A63E6E /* Other */,
				0CE3A6372AC484AB002C0D3C /* Core */,
			);
			path = Controllers;
			sourceTree = "<group>";
		};
		0CE3A62B2AC482B3002C0D3C /* ViewModels */ = {
			isa = PBXGroup;
			children = (
				0C2F5C482AC5F56C00188285 /* RMCharacterListViewViewModel.swift */,
				0C2F5C522AC6299100188285 /* RMCharacterCollectionViewCellViewModel.swift */,
				0C2E6FF92ACB4A5B00A63E6E /* RMCharacterDetailViewViewModel.swift */,
			);
			path = ViewModels;
			sourceTree = "<group>";
		};
		0CE3A62C2AC482BA002C0D3C /* Views */ = {
			isa = PBXGroup;
			children = (
				0C2F5C4C2AC5F94C00188285 /* RMCharacterListView.swift */,
				0C2F5C502AC6250D00188285 /* RMCharacterCollectionViewCell.swift */,
				0C2E6FF72ACB4A4100A63E6E /* RMCharacterDetailView.swift */,
			);
			path = Views;
			sourceTree = "<group>";
		};
		0CE3A62D2AC482C2002C0D3C /* Models */ = {
			isa = PBXGroup;
			children = (
				0C2F5C462AC5EFFB00188285 /* ExplainingTypes */,
				0C2F5C402AC5ECD300188285 /* DataTypes */,
				0C2F5C412AC5ED0800188285 /* APIResponseTypes */,
			);
			path = Models;
			sourceTree = "<group>";
		};
		0CE3A62E2AC482CA002C0D3C /* Managers */ = {
			isa = PBXGroup;
			children = (
			);
			path = Managers;
			sourceTree = "<group>";
		};
		0CE3A62F2AC4835F002C0D3C /* APIClient */ = {
			isa = PBXGroup;
			children = (
				0CE3A6422AC4BA61002C0D3C /* RMService.swift */,
				0CE3A6442AC4BB20002C0D3C /* RMRequest.swift */,
				0CE3A6462AC4BE10002C0D3C /* RMEndpoint.swift */,
			);
			path = APIClient;
			sourceTree = "<group>";
		};
		0CE3A6302AC48368002C0D3C /* Resources */ = {
			isa = PBXGroup;
			children = (
				0CE3A6162AC476CC002C0D3C /* AppDelegate.swift */,
				0CE3A6182AC476CC002C0D3C /* SceneDelegate.swift */,
				0CE3A61F2AC476CE002C0D3C /* Assets.xcassets */,
				0CE3A6212AC476CE002C0D3C /* LaunchScreen.storyboard */,
				0C2F5C4E2AC60A0F00188285 /* Extensions.swift */,
			);
			path = Resources;
			sourceTree = "<group>";
		};
		0CE3A6372AC484AB002C0D3C /* Core */ = {
			isa = PBXGroup;
			children = (
				0CE3A6382AC484CF002C0D3C /* CoreExplained */,
				0CE3A61A2AC476CC002C0D3C /* RMTabBarController.swift */,
				0CE3A63A2AC48586002C0D3C /* RMCharacterViewController.swift */,
				0CE3A63C2AC485AC002C0D3C /* RMLocationViewController.swift */,
				0CE3A63E2AC485BD002C0D3C /* RMEpisodeViewController.swift */,
				0CE3A6402AC485CC002C0D3C /* RMSettingsViewController.swift */,
			);
			path = Core;
			sourceTree = "<group>";
		};
/* End PBXGroup section */

/* Begin PBXNativeTarget section */
		0CE3A6122AC476CC002C0D3C /* RickAndMorty */ = {
			isa = PBXNativeTarget;
			buildConfigurationList = 0CE3A6272AC476CE002C0D3C /* Build configuration list for PBXNativeTarget "RickAndMorty" */;
			buildPhases = (
				0CE3A60F2AC476CC002C0D3C /* Sources */,
				0CE3A6102AC476CC002C0D3C /* Frameworks */,
				0CE3A6112AC476CC002C0D3C /* Resources */,
			);
			buildRules = (
			);
			dependencies = (
			);
			name = RickAndMorty;
			productName = RickAndMorty;
			productReference = 0CE3A6132AC476CC002C0D3C /* RickAndMorty.app */;
			productType = "com.apple.product-type.application";
		};
/* End PBXNativeTarget section */

/* Begin PBXProject section */
		0CE3A60B2AC476CC002C0D3C /* Project object */ = {
			isa = PBXProject;
			attributes = {
				BuildIndependentTargetsInParallel = 1;
				LastSwiftUpdateCheck = 1500;
				LastUpgradeCheck = 1500;
				TargetAttributes = {
					0CE3A6122AC476CC002C0D3C = {
						CreatedOnToolsVersion = 15.0;
					};
				};
			};
			buildConfigurationList = 0CE3A60E2AC476CC002C0D3C /* Build configuration list for PBXProject "RickAndMorty" */;
			compatibilityVersion = "Xcode 14.0";
			developmentRegion = en;
			hasScannedForEncodings = 0;
			knownRegions = (
				en,
				Base,
			);
			mainGroup = 0CE3A60A2AC476CC002C0D3C;
			productRefGroup = 0CE3A6142AC476CC002C0D3C /* Products */;
			projectDirPath = "";
			projectRoot = "";
			targets = (
				0CE3A6122AC476CC002C0D3C /* RickAndMorty */,
			);
		};
/* End PBXProject section */

/* Begin PBXResourcesBuildPhase section */
		0CE3A6112AC476CC002C0D3C /* Resources */ = {
			isa = PBXResourcesBuildPhase;
			buildActionMask = 2147483647;
			files = (
				0CE3A6232AC476CE002C0D3C /* LaunchScreen.storyboard in Resources */,
				0CE3A6202AC476CE002C0D3C /* Assets.xcassets in Resources */,
				0CE3A6392AC484CF002C0D3C /* CoreExplained in Resources */,
				0C2F5C472AC5EFFB00188285 /* ExplainingTypes in Resources */,
			);
			runOnlyForDeploymentPostprocessing = 0;
		};
/* End PBXResourcesBuildPhase section */

/* Begin PBXSourcesBuildPhase section */
		0CE3A60F2AC476CC002C0D3C /* Sources */ = {
			isa = PBXSourcesBuildPhase;
			buildActionMask = 2147483647;
			files = (
				0CE3A6492AC4C6B0002C0D3C /* RMOrigin.swift in Sources */,
				0C2E6FFA2ACB4A5B00A63E6E /* RMCharacterDetailViewViewModel.swift in Sources */,
				0CE3A64B2AC4C78C002C0D3C /* RMSingleLocation.swift in Sources */,
				0C2F5C452AC5ED7200188285 /* RMGetAllCharactersResponse.swift in Sources */,
				0CE3A64D2AC4C872002C0D3C /* RMCharacterStatus.swift in Sources */,
				0CE3A64F2AC4C897002C0D3C /* RMCharacterGender.swift in Sources */,
				0CE3A63D2AC485AC002C0D3C /* RMLocationViewController.swift in Sources */,
				0C2E6FF62ACB478900A63E6E /* RMCharacterDetailViewController.swift in Sources */,
				0CE3A6362AC48418002C0D3C /* RMCharacter.swift in Sources */,
				0CE3A61B2AC476CC002C0D3C /* RMTabBarController.swift in Sources */,
				0CE3A63F2AC485BD002C0D3C /* RMEpisodeViewController.swift in Sources */,
				0C2F5C512AC6250D00188285 /* RMCharacterCollectionViewCell.swift in Sources */,
				0C2F5C492AC5F56C00188285 /* RMCharacterListViewViewModel.swift in Sources */,
				0CE3A6172AC476CC002C0D3C /* AppDelegate.swift in Sources */,
				0CE3A6342AC4840B002C0D3C /* RMLocation.swift in Sources */,
				0CE3A6412AC485CC002C0D3C /* RMSettingsViewController.swift in Sources */,
				0C2F5C4F2AC60A0F00188285 /* Extensions.swift in Sources */,
				0CE3A6432AC4BA62002C0D3C /* RMService.swift in Sources */,
				0CE3A6322AC48401002C0D3C /* RMEpisode.swift in Sources */,
				0C2F5C4D2AC5F94C00188285 /* RMCharacterListView.swift in Sources */,
				0CE3A6472AC4BE10002C0D3C /* RMEndpoint.swift in Sources */,
				0C2F5C532AC6299100188285 /* RMCharacterCollectionViewCellViewModel.swift in Sources */,
				0CE3A6192AC476CC002C0D3C /* SceneDelegate.swift in Sources */,
				0CE3A6452AC4BB20002C0D3C /* RMRequest.swift in Sources */,
				0CE3A63B2AC48586002C0D3C /* RMCharacterViewController.swift in Sources */,
				0C2E6FF82ACB4A4100A63E6E /* RMCharacterDetailView.swift in Sources */,
			);
			runOnlyForDeploymentPostprocessing = 0;
		};
/* End PBXSourcesBuildPhase section */

/* Begin PBXVariantGroup section */
		0CE3A6212AC476CE002C0D3C /* LaunchScreen.storyboard */ = {
			isa = PBXVariantGroup;
			children = (
				0CE3A6222AC476CE002C0D3C /* Base */,
			);
			name = LaunchScreen.storyboard;
			sourceTree = "<group>";
		};
/* End PBXVariantGroup section */

/* Begin XCBuildConfiguration section */
		0CE3A6252AC476CE002C0D3C /* Debug */ = {
			isa = XCBuildConfiguration;
			buildSettings = {
				ALWAYS_SEARCH_USER_PATHS = NO;
				ASSETCATALOG_COMPILER_GENERATE_SWIFT_ASSET_SYMBOL_EXTENSIONS = YES;
				CLANG_ANALYZER_NONNULL = YES;
				CLANG_ANALYZER_NUMBER_OBJECT_CONVERSION = YES_AGGRESSIVE;
				CLANG_CXX_LANGUAGE_STANDARD = "gnu++20";
				CLANG_ENABLE_MODULES = YES;
				CLANG_ENABLE_OBJC_ARC = YES;
				CLANG_ENABLE_OBJC_WEAK = YES;
				CLANG_WARN_BLOCK_CAPTURE_AUTORELEASING = YES;
				CLANG_WARN_BOOL_CONVERSION = YES;
				CLANG_WARN_COMMA = YES;
				CLANG_WARN_CONSTANT_CONVERSION = YES;
				CLANG_WARN_DEPRECATED_OBJC_IMPLEMENTATIONS = YES;
				CLANG_WARN_DIRECT_OBJC_ISA_USAGE = YES_ERROR;
				CLANG_WARN_DOCUMENTATION_COMMENTS = YES;
				CLANG_WARN_EMPTY_BODY = YES;
				CLANG_WARN_ENUM_CONVERSION = YES;
				CLANG_WARN_INFINITE_RECURSION = YES;
				CLANG_WARN_INT_CONVERSION = YES;
				CLANG_WARN_NON_LITERAL_NULL_CONVERSION = YES;
				CLANG_WARN_OBJC_IMPLICIT_RETAIN_SELF = YES;
				CLANG_WARN_OBJC_LITERAL_CONVERSION = YES;
				CLANG_WARN_OBJC_ROOT_CLASS = YES_ERROR;
				CLANG_WARN_QUOTED_INCLUDE_IN_FRAMEWORK_HEADER = YES;
				CLANG_WARN_RANGE_LOOP_ANALYSIS = YES;
				CLANG_WARN_STRICT_PROTOTYPES = YES;
				CLANG_WARN_SUSPICIOUS_MOVE = YES;
				CLANG_WARN_UNGUARDED_AVAILABILITY = YES_AGGRESSIVE;
				CLANG_WARN_UNREACHABLE_CODE = YES;
				CLANG_WARN__DUPLICATE_METHOD_MATCH = YES;
				COPY_PHASE_STRIP = NO;
				DEBUG_INFORMATION_FORMAT = dwarf;
				ENABLE_STRICT_OBJC_MSGSEND = YES;
				ENABLE_TESTABILITY = YES;
				ENABLE_USER_SCRIPT_SANDBOXING = YES;
				GCC_C_LANGUAGE_STANDARD = gnu17;
				GCC_DYNAMIC_NO_PIC = NO;
				GCC_NO_COMMON_BLOCKS = YES;
				GCC_OPTIMIZATION_LEVEL = 0;
				GCC_PREPROCESSOR_DEFINITIONS = (
					"DEBUG=1",
					"$(inherited)",
				);
				GCC_WARN_64_TO_32_BIT_CONVERSION = YES;
				GCC_WARN_ABOUT_RETURN_TYPE = YES_ERROR;
				GCC_WARN_UNDECLARED_SELECTOR = YES;
				GCC_WARN_UNINITIALIZED_AUTOS = YES_AGGRESSIVE;
				GCC_WARN_UNUSED_FUNCTION = YES;
				GCC_WARN_UNUSED_VARIABLE = YES;
				IPHONEOS_DEPLOYMENT_TARGET = 17.0;
				LOCALIZATION_PREFERS_STRING_CATALOGS = YES;
				MTL_ENABLE_DEBUG_INFO = INCLUDE_SOURCE;
				MTL_FAST_MATH = YES;
				ONLY_ACTIVE_ARCH = YES;
				SDKROOT = iphoneos;
				SWIFT_ACTIVE_COMPILATION_CONDITIONS = "DEBUG $(inherited)";
				SWIFT_OPTIMIZATION_LEVEL = "-Onone";
			};
			name = Debug;
		};
		0CE3A6262AC476CE002C0D3C /* Release */ = {
			isa = XCBuildConfiguration;
			buildSettings = {
				ALWAYS_SEARCH_USER_PATHS = NO;
				ASSETCATALOG_COMPILER_GENERATE_SWIFT_ASSET_SYMBOL_EXTENSIONS = YES;
				CLANG_ANALYZER_NONNULL = YES;
				CLANG_ANALYZER_NUMBER_OBJECT_CONVERSION = YES_AGGRESSIVE;
				CLANG_CXX_LANGUAGE_STANDARD = "gnu++20";
				CLANG_ENABLE_MODULES = YES;
				CLANG_ENABLE_OBJC_ARC = YES;
				CLANG_ENABLE_OBJC_WEAK = YES;
				CLANG_WARN_BLOCK_CAPTURE_AUTORELEASING = YES;
				CLANG_WARN_BOOL_CONVERSION = YES;
				CLANG_WARN_COMMA = YES;
				CLANG_WARN_CONSTANT_CONVERSION = YES;
				CLANG_WARN_DEPRECATED_OBJC_IMPLEMENTATIONS = YES;
				CLANG_WARN_DIRECT_OBJC_ISA_USAGE = YES_ERROR;
				CLANG_WARN_DOCUMENTATION_COMMENTS = YES;
				CLANG_WARN_EMPTY_BODY = YES;
				CLANG_WARN_ENUM_CONVERSION = YES;
				CLANG_WARN_INFINITE_RECURSION = YES;
				CLANG_WARN_INT_CONVERSION = YES;
				CLANG_WARN_NON_LITERAL_NULL_CONVERSION = YES;
				CLANG_WARN_OBJC_IMPLICIT_RETAIN_SELF = YES;
				CLANG_WARN_OBJC_LITERAL_CONVERSION = YES;
				CLANG_WARN_OBJC_ROOT_CLASS = YES_ERROR;
				CLANG_WARN_QUOTED_INCLUDE_IN_FRAMEWORK_HEADER = YES;
				CLANG_WARN_RANGE_LOOP_ANALYSIS = YES;
				CLANG_WARN_STRICT_PROTOTYPES = YES;
				CLANG_WARN_SUSPICIOUS_MOVE = YES;
				CLANG_WARN_UNGUARDED_AVAILABILITY = YES_AGGRESSIVE;
				CLANG_WARN_UNREACHABLE_CODE = YES;
				CLANG_WARN__DUPLICATE_METHOD_MATCH = YES;
				COPY_PHASE_STRIP = NO;
				DEBUG_INFORMATION_FORMAT = "dwarf-with-dsym";
				ENABLE_NS_ASSERTIONS = NO;
				ENABLE_STRICT_OBJC_MSGSEND = YES;
				ENABLE_USER_SCRIPT_SANDBOXING = YES;
				GCC_C_LANGUAGE_STANDARD = gnu17;
				GCC_NO_COMMON_BLOCKS = YES;
				GCC_WARN_64_TO_32_BIT_CONVERSION = YES;
				GCC_WARN_ABOUT_RETURN_TYPE = YES_ERROR;
				GCC_WARN_UNDECLARED_SELECTOR = YES;
				GCC_WARN_UNINITIALIZED_AUTOS = YES_AGGRESSIVE;
				GCC_WARN_UNUSED_FUNCTION = YES;
				GCC_WARN_UNUSED_VARIABLE = YES;
				IPHONEOS_DEPLOYMENT_TARGET = 17.0;
				LOCALIZATION_PREFERS_STRING_CATALOGS = YES;
				MTL_ENABLE_DEBUG_INFO = NO;
				MTL_FAST_MATH = YES;
				SDKROOT = iphoneos;
				SWIFT_COMPILATION_MODE = wholemodule;
				VALIDATE_PRODUCT = YES;
			};
			name = Release;
		};
		0CE3A6282AC476CE002C0D3C /* Debug */ = {
			isa = XCBuildConfiguration;
			buildSettings = {
				ASSETCATALOG_COMPILER_APPICON_NAME = AppIcon;
				ASSETCATALOG_COMPILER_GLOBAL_ACCENT_COLOR_NAME = AccentColor;
				CODE_SIGN_STYLE = Automatic;
				CURRENT_PROJECT_VERSION = 1;
				DEVELOPMENT_TEAM = 742VCKR45U;
				GENERATE_INFOPLIST_FILE = YES;
				INFOPLIST_FILE = RickAndMorty/Info.plist;
				INFOPLIST_KEY_UIApplicationSupportsIndirectInputEvents = YES;
				INFOPLIST_KEY_UILaunchStoryboardName = LaunchScreen;
				INFOPLIST_KEY_UISupportedInterfaceOrientations_iPad = "UIInterfaceOrientationPortrait UIInterfaceOrientationPortraitUpsideDown UIInterfaceOrientationLandscapeLeft UIInterfaceOrientationLandscapeRight";
				INFOPLIST_KEY_UISupportedInterfaceOrientations_iPhone = "UIInterfaceOrientationPortrait UIInterfaceOrientationLandscapeLeft UIInterfaceOrientationLandscapeRight";
				LD_RUNPATH_SEARCH_PATHS = (
					"$(inherited)",
					"@executable_path/Frameworks",
				);
				MARKETING_VERSION = 1.0;
				PRODUCT_BUNDLE_IDENTIFIER = com.ramses.RickAndMorty;
				PRODUCT_NAME = "$(TARGET_NAME)";
				SWIFT_EMIT_LOC_STRINGS = YES;
				SWIFT_VERSION = 5.0;
				TARGETED_DEVICE_FAMILY = "1,2";
			};
			name = Debug;
		};
		0CE3A6292AC476CE002C0D3C /* Release */ = {
			isa = XCBuildConfiguration;
			buildSettings = {
				ASSETCATALOG_COMPILER_APPICON_NAME = AppIcon;
				ASSETCATALOG_COMPILER_GLOBAL_ACCENT_COLOR_NAME = AccentColor;
				CODE_SIGN_STYLE = Automatic;
				CURRENT_PROJECT_VERSION = 1;
				DEVELOPMENT_TEAM = 742VCKR45U;
				GENERATE_INFOPLIST_FILE = YES;
				INFOPLIST_FILE = RickAndMorty/Info.plist;
				INFOPLIST_KEY_UIApplicationSupportsIndirectInputEvents = YES;
				INFOPLIST_KEY_UILaunchStoryboardName = LaunchScreen;
				INFOPLIST_KEY_UISupportedInterfaceOrientations_iPad = "UIInterfaceOrientationPortrait UIInterfaceOrientationPortraitUpsideDown UIInterfaceOrientationLandscapeLeft UIInterfaceOrientationLandscapeRight";
				INFOPLIST_KEY_UISupportedInterfaceOrientations_iPhone = "UIInterfaceOrientationPortrait UIInterfaceOrientationLandscapeLeft UIInterfaceOrientationLandscapeRight";
				LD_RUNPATH_SEARCH_PATHS = (
					"$(inherited)",
					"@executable_path/Frameworks",
				);
				MARKETING_VERSION = 1.0;
				PRODUCT_BUNDLE_IDENTIFIER = com.ramses.RickAndMorty;
				PRODUCT_NAME = "$(TARGET_NAME)";
				SWIFT_EMIT_LOC_STRINGS = YES;
				SWIFT_VERSION = 5.0;
				TARGETED_DEVICE_FAMILY = "1,2";
			};
			name = Release;
		};
/* End XCBuildConfiguration section */

/* Begin XCConfigurationList section */
		0CE3A60E2AC476CC002C0D3C /* Build configuration list for PBXProject "RickAndMorty" */ = {
			isa = XCConfigurationList;
			buildConfigurations = (
				0CE3A6252AC476CE002C0D3C /* Debug */,
				0CE3A6262AC476CE002C0D3C /* Release */,
			);
			defaultConfigurationIsVisible = 0;
			defaultConfigurationName = Release;
		};
		0CE3A6272AC476CE002C0D3C /* Build configuration list for PBXNativeTarget "RickAndMorty" */ = {
			isa = XCConfigurationList;
			buildConfigurations = (
				0CE3A6282AC476CE002C0D3C /* Debug */,
				0CE3A6292AC476CE002C0D3C /* Release */,
			);
			defaultConfigurationIsVisible = 0;
			defaultConfigurationName = Release;
		};
/* End XCConfigurationList section */
	};
	rootObject = 0CE3A60B2AC476CC002C0D3C /* Project object */;
}
